
Microsoft Visual Studio Solution File, Format Version 12.00
# Visual Studio Version 17
VisualStudioVersion = 17.10.35122.118
MinimumVisualStudioVersion = 10.0.40219.1
Project("{FAE04EC0-301F-11D3-BF4B-00C04F79EFBC}") = "TourAgency", "TourAgency\TourAgency.csproj", "{6B8DA787-1B9D-418D-AA98-CD3EC98E8519}"
EndProject
Global
	GlobalSection(SolutionConfigurationPlatforms) = preSolution
		Debug|Any CPU = Debug|Any CPU
		Release|Any CPU = Release|Any CPU
	EndGlobalSection
	GlobalSection(ProjectConfigurationPlatforms) = postSolution
		{6B8DA787-1B9D-418D-AA98-CD3EC98E8519}.Debug|Any CPU.ActiveCfg = Debug|Any CPU
		{6B8DA787-1B9D-418D-AA98-CD3EC98E8519}.Debug|Any CPU.Build.0 = Debug|Any CPU
		{6B8DA787-1B9D-418D-AA98-CD3EC98E8519}.Release|Any CPU.ActiveCfg = Release|Any CPU
		{6B8DA787-1B9D-418D-AA98-CD3EC98E8519}.Release|Any CPU.Build.0 = Release|Any CPU
	EndGlobalSection
	GlobalSection(SolutionProperties) = preSolution
		HideSolutionNode = FALSE
	EndGlobalSection
	GlobalSection(ExtensibilityGlobals) = postSolution
		SolutionGuid = {E558B974-1141-456D-AA1C-01D9D292CA1B}
	EndGlobalSection
EndGlobal
